{
  "object": {
    "pins": [
      {
        "package": "OpenAPIKit",
        "repositoryURL": "https://github.com/mndzup/OpenAPIKit.git",
        "state": {
          "branch": "working",
          "revision": "fdcff401da733bfe236fd520d75d606861ca95bc",
          "version": null
        }
      },
      {
        "package": "ServiceModelSwiftCodeGenerate",
        "repositoryURL": "https://github.com/amzn/service-model-swift-code-generate.git",
        "state": {
          "branch": "working",
          "revision": "0d8eb769cf37ef0fbc9499f43866798c4fc3f2ca",
          "version": null
        }
      },
      {
        "package": "SmokeAWSGenerate",
        "repositoryURL": "https://github.com/amzn/smoke-aws-generate.git",
        "state": {
          "branch": "working",
          "revision": "007ea688e472d8ada71b59494185d0c70010bd76",
          "version": null
        }
      },
      {
        "package": "SwaggerParser",
        "repositoryURL": "https://github.com/tachyonics/SwaggerParser.git",
        "state": {
          "branch": null,
          "revision": "c0eb70485c59a9d7dd6765dcd303b49fdb3040ee",
          "version": "0.6.4"
        }
      },
      {
        "package": "swift-argument-parser",
        "repositoryURL": "https://github.com/apple/swift-argument-parser",
        "state": {
          "branch": null,
          "revision": "83b23d940471b313427da226196661856f6ba3e0",
          "version": "0.4.4"
        }
      },
      {
        "package": "Yams",
        "repositoryURL": "https://github.com/jpsim/Yams.git",
        "state": {
          "branch": null,
          "revision": "9ff1cc9327586db4e0c8f46f064b6a82ec1566fa",
          "version": "4.0.6"
        }
      }
    ]
  },
  "version": 1
}
