{
  "object": {
    "pins": [
      {
        "package": "ServiceModelSwiftCodeGenerate",
        "repositoryURL": "https://github.com/amzn/service-model-swift-code-generate.git",
        "state": {
          "branch": null,
          "revision": "734498f7a49db9a586b2c924f41cf6b1a81659ba",
          "version": "2.0.0-alpha.3"
        }
      },
      {
        "package": "SmokeAWSGenerate",
        "repositoryURL": "https://github.com/amzn/smoke-aws-generate.git",
        "state": {
          "branch": null,
          "revision": "e72f8061261c0f1885c63865f89eca95f825a5d2",
          "version": "2.0.0-alpha.4"
        }
      },
      {
        "package": "SwaggerParser",
        "repositoryURL": "https://github.com/tachyonics/SwaggerParser.git",
        "state": {
          "branch": null,
          "revision": "c0eb70485c59a9d7dd6765dcd303b49fdb3040ee",
          "version": "0.6.4"
        }
      },
      {
        "package": "Yams",
        "repositoryURL": "https://github.com/jpsim/Yams.git",
        "state": {
          "branch": null,
          "revision": "6652aa7b793d3c8a075db0614acb575fcaecf457",
          "version": "0.7.0"
        }
      }
    ]
  },
  "version": 1
}
